
Microsoft Visual Studio Solution File, Format Version 12.00
# Visual Studio Version 16
VisualStudioVersion = 16.0.29613.14
MinimumVisualStudioVersion = 10.0.40219.1
Project("{FAE04EC0-301F-11D3-BF4B-00C04F79EFBC}") = "UWP1", "UWP1\UWP1.csproj", "{11B9E384-3B82-48FC-95C9-D28A0AB7EDB0}"
EndProject
Project("{FAE04EC0-301F-11D3-BF4B-00C04F79EFBC}") = "TetrisInterfaces", "TetrisInterfaces\TetrisInterfaces.csproj", "{88C37196-013E-42FF-B3DD-9AA04397BD27}"
EndProject
Project("{FAE04EC0-301F-11D3-BF4B-00C04F79EFBC}") = "TetrisLogic", "TetrisLogic\TetrisLogic.csproj", "{48CB82EE-62A6-4171-A911-9273EBDFC93A}"
EndProject
Global
	GlobalSection(SolutionConfigurationPlatforms) = preSolution
		Debug|Any CPU = Debug|Any CPU
		Debug|ARM = Debug|ARM
		Debug|ARM64 = Debug|ARM64
		Debug|x64 = Debug|x64
		Debug|x86 = Debug|x86
		Release|Any CPU = Release|Any CPU
		Release|ARM = Release|ARM
		Release|ARM64 = Release|ARM64
		Release|x64 = Release|x64
		Release|x86 = Release|x86
	EndGlobalSection
	GlobalSection(ProjectConfigurationPlatforms) = postSolution
		{11B9E384-3B82-48FC-95C9-D28A0AB7EDB0}.Debug|Any CPU.ActiveCfg = Debug|x86
		{11B9E384-3B82-48FC-95C9-D28A0AB7EDB0}.Debug|ARM.ActiveCfg = Debug|ARM
		{11B9E384-3B82-48FC-95C9-D28A0AB7EDB0}.Debug|ARM.Build.0 = Debug|ARM
		{11B9E384-3B82-48FC-95C9-D28A0AB7EDB0}.Debug|ARM.Deploy.0 = Debug|ARM
		{11B9E384-3B82-48FC-95C9-D28A0AB7EDB0}.Debug|ARM64.ActiveCfg = Debug|ARM64
		{11B9E384-3B82-48FC-95C9-D28A0AB7EDB0}.Debug|ARM64.Build.0 = Debug|ARM64
		{11B9E384-3B82-48FC-95C9-D28A0AB7EDB0}.Debug|ARM64.Deploy.0 = Debug|ARM64
		{11B9E384-3B82-48FC-95C9-D28A0AB7EDB0}.Debug|x64.ActiveCfg = Debug|x64
		{11B9E384-3B82-48FC-95C9-D28A0AB7EDB0}.Debug|x64.Build.0 = Debug|x64
		{11B9E384-3B82-48FC-95C9-D28A0AB7EDB0}.Debug|x64.Deploy.0 = Debug|x64
		{11B9E384-3B82-48FC-95C9-D28A0AB7EDB0}.Debug|x86.ActiveCfg = Debug|x86
		{11B9E384-3B82-48FC-95C9-D28A0AB7EDB0}.Debug|x86.Build.0 = Debug|x86
		{11B9E384-3B82-48FC-95C9-D28A0AB7EDB0}.Debug|x86.Deploy.0 = Debug|x86
		{11B9E384-3B82-48FC-95C9-D28A0AB7EDB0}.Release|Any CPU.ActiveCfg = Release|x86
		{11B9E384-3B82-48FC-95C9-D28A0AB7EDB0}.Release|ARM.ActiveCfg = Release|ARM
		{11B9E384-3B82-48FC-95C9-D28A0AB7EDB0}.Release|ARM.Build.0 = Release|ARM
		{11B9E384-3B82-48FC-95C9-D28A0AB7EDB0}.Release|ARM.Deploy.0 = Release|ARM
		{11B9E384-3B82-48FC-95C9-D28A0AB7EDB0}.Release|ARM64.ActiveCfg = Release|ARM64
		{11B9E384-3B82-48FC-95C9-D28A0AB7EDB0}.Release|ARM64.Build.0 = Release|ARM64
		{11B9E384-3B82-48FC-95C9-D28A0AB7EDB0}.Release|ARM64.Deploy.0 = Release|ARM64
		{11B9E384-3B82-48FC-95C9-D28A0AB7EDB0}.Release|x64.ActiveCfg = Release|x64
		{11B9E384-3B82-48FC-95C9-D28A0AB7EDB0}.Release|x64.Build.0 = Release|x64
		{11B9E384-3B82-48FC-95C9-D28A0AB7EDB0}.Release|x64.Deploy.0 = Release|x64
		{11B9E384-3B82-48FC-95C9-D28A0AB7EDB0}.Release|x86.ActiveCfg = Release|x86
		{11B9E384-3B82-48FC-95C9-D28A0AB7EDB0}.Release|x86.Build.0 = Release|x86
		{11B9E384-3B82-48FC-95C9-D28A0AB7EDB0}.Release|x86.Deploy.0 = Release|x86
		{88C37196-013E-42FF-B3DD-9AA04397BD27}.Debug|Any CPU.ActiveCfg = Debug|Any CPU
		{88C37196-013E-42FF-B3DD-9AA04397BD27}.Debug|Any CPU.Build.0 = Debug|Any CPU
		{88C37196-013E-42FF-B3DD-9AA04397BD27}.Debug|ARM.ActiveCfg = Debug|Any CPU
		{88C37196-013E-42FF-B3DD-9AA04397BD27}.Debug|ARM.Build.0 = Debug|Any CPU
		{88C37196-013E-42FF-B3DD-9AA04397BD27}.Debug|ARM64.ActiveCfg = Debug|Any CPU
		{88C37196-013E-42FF-B3DD-9AA04397BD27}.Debug|ARM64.Build.0 = Debug|Any CPU
		{88C37196-013E-42FF-B3DD-9AA04397BD27}.Debug|x64.ActiveCfg = Debug|Any CPU
		{88C37196-013E-42FF-B3DD-9AA04397BD27}.Debug|x64.Build.0 = Debug|Any CPU
		{88C37196-013E-42FF-B3DD-9AA04397BD27}.Debug|x86.ActiveCfg = Debug|Any CPU
		{88C37196-013E-42FF-B3DD-9AA04397BD27}.Debug|x86.Build.0 = Debug|Any CPU
		{88C37196-013E-42FF-B3DD-9AA04397BD27}.Release|Any CPU.ActiveCfg = Release|Any CPU
		{88C37196-013E-42FF-B3DD-9AA04397BD27}.Release|Any CPU.Build.0 = Release|Any CPU
		{88C37196-013E-42FF-B3DD-9AA04397BD27}.Release|ARM.ActiveCfg = Release|Any CPU
		{88C37196-013E-42FF-B3DD-9AA04397BD27}.Release|ARM.Build.0 = Release|Any CPU
		{88C37196-013E-42FF-B3DD-9AA04397BD27}.Release|ARM64.ActiveCfg = Release|Any CPU
		{88C37196-013E-42FF-B3DD-9AA04397BD27}.Release|ARM64.Build.0 = Release|Any CPU
		{88C37196-013E-42FF-B3DD-9AA04397BD27}.Release|x64.ActiveCfg = Release|Any CPU
		{88C37196-013E-42FF-B3DD-9AA04397BD27}.Release|x64.Build.0 = Release|Any CPU
		{88C37196-013E-42FF-B3DD-9AA04397BD27}.Release|x86.ActiveCfg = Release|Any CPU
		{88C37196-013E-42FF-B3DD-9AA04397BD27}.Release|x86.Build.0 = Release|Any CPU
		{48CB82EE-62A6-4171-A911-9273EBDFC93A}.Debug|Any CPU.ActiveCfg = Debug|Any CPU
		{48CB82EE-62A6-4171-A911-9273EBDFC93A}.Debug|Any CPU.Build.0 = Debug|Any CPU
		{48CB82EE-62A6-4171-A911-9273EBDFC93A}.Debug|ARM.ActiveCfg = Debug|Any CPU
		{48CB82EE-62A6-4171-A911-9273EBDFC93A}.Debug|ARM.Build.0 = Debug|Any CPU
		{48CB82EE-62A6-4171-A911-9273EBDFC93A}.Debug|ARM64.ActiveCfg = Debug|Any CPU
		{48CB82EE-62A6-4171-A911-9273EBDFC93A}.Debug|ARM64.Build.0 = Debug|Any CPU
		{48CB82EE-62A6-4171-A911-9273EBDFC93A}.Debug|x64.ActiveCfg = Debug|Any CPU
		{48CB82EE-62A6-4171-A911-9273EBDFC93A}.Debug|x64.Build.0 = Debug|Any CPU
		{48CB82EE-62A6-4171-A911-9273EBDFC93A}.Debug|x86.ActiveCfg = Debug|Any CPU
		{48CB82EE-62A6-4171-A911-9273EBDFC93A}.Debug|x86.Build.0 = Debug|Any CPU
		{48CB82EE-62A6-4171-A911-9273EBDFC93A}.Release|Any CPU.ActiveCfg = Release|Any CPU
		{48CB82EE-62A6-4171-A911-9273EBDFC93A}.Release|Any CPU.Build.0 = Release|Any CPU
		{48CB82EE-62A6-4171-A911-9273EBDFC93A}.Release|ARM.ActiveCfg = Release|Any CPU
		{48CB82EE-62A6-4171-A911-9273EBDFC93A}.Release|ARM.Build.0 = Release|Any CPU
		{48CB82EE-62A6-4171-A911-9273EBDFC93A}.Release|ARM64.ActiveCfg = Release|Any CPU
		{48CB82EE-62A6-4171-A911-9273EBDFC93A}.Release|ARM64.Build.0 = Release|Any CPU
		{48CB82EE-62A6-4171-A911-9273EBDFC93A}.Release|x64.ActiveCfg = Release|Any CPU
		{48CB82EE-62A6-4171-A911-9273EBDFC93A}.Release|x64.Build.0 = Release|Any CPU
		{48CB82EE-62A6-4171-A911-9273EBDFC93A}.Release|x86.ActiveCfg = Release|Any CPU
		{48CB82EE-62A6-4171-A911-9273EBDFC93A}.Release|x86.Build.0 = Release|Any CPU
	EndGlobalSection
	GlobalSection(SolutionProperties) = preSolution
		HideSolutionNode = FALSE
	EndGlobalSection
	GlobalSection(ExtensibilityGlobals) = postSolution
		SolutionGuid = {99CC9A3B-F3A1-43FB-B938-471321EF7536}
	EndGlobalSection
EndGlobal
